
Microsoft Visual Studio Solution File, Format Version 12.00
# Visual Studio Version 17
VisualStudioVersion = 17.13.35913.81 d17.13
MinimumVisualStudioVersion = 10.0.40219.1
Project("{FAE04EC0-301F-11D3-BF4B-00C04F79EFBC}") = "HelloWorld", "HelloWorld\HelloWorld.csproj", "{4023B663-6DA4-4C81-A6E4-415EC43C75F8}"
EndProject
Global
	GlobalSection(SolutionConfigurationPlatforms) = preSolution
		Debug|Any CPU = Debug|Any CPU
		Release|Any CPU = Release|Any CPU
	EndGlobalSection
	GlobalSection(ProjectConfigurationPlatforms) = postSolution
		{4023B663-6DA4-4C81-A6E4-415EC43C75F8}.Debug|Any CPU.ActiveCfg = Debug|Any CPU
		{4023B663-6DA4-4C81-A6E4-415EC43C75F8}.Debug|Any CPU.Build.0 = Debug|Any CPU
		{4023B663-6DA4-4C81-A6E4-415EC43C75F8}.Release|Any CPU.ActiveCfg = Release|Any CPU
		{4023B663-6DA4-4C81-A6E4-415EC43C75F8}.Release|Any CPU.Build.0 = Release|Any CPU
	EndGlobalSection
	GlobalSection(SolutionProperties) = preSolution
		HideSolutionNode = FALSE
	EndGlobalSection
	GlobalSection(ExtensibilityGlobals) = postSolution
		SolutionGuid = {9939D130-6185-41E5-8C64-9713769DC6A1}
	EndGlobalSection
EndGlobal
